
Microsoft Visual Studio Solution File, Format Version 12.00
# Visual Studio Version 16
VisualStudioVersion = 16.0.810.8
MinimumVisualStudioVersion = 10.0.40219.1
Project("{9A19103F-16F7-4668-BE54-9A1E7A4F7556}") = "ImpuestosVehiculos", "ImpuestosVehiculos\ImpuestosVehiculos.csproj", "{8EC471CD-5D56-420E-A7CB-91A235CA9768}"
EndProject
Project("{9A19103F-16F7-4668-BE54-9A1E7A4F7556}") = "ResourceAPI", "ResourceAPI\ResourceAPI.csproj", "{DD5CFB52-DA7B-4441-A3A1-11A18CD4C8FE}"
EndProject
Project("{9A19103F-16F7-4668-BE54-9A1E7A4F7556}") = "Data", "Data\Data.csproj", "{303AA6DD-2EB8-493B-B6E5-372C43C630D0}"
EndProject
Global
	GlobalSection(SolutionConfigurationPlatforms) = preSolution
		Debug|Any CPU = Debug|Any CPU
		Release|Any CPU = Release|Any CPU
	EndGlobalSection
	GlobalSection(ProjectConfigurationPlatforms) = postSolution
		{8EC471CD-5D56-420E-A7CB-91A235CA9768}.Debug|Any CPU.ActiveCfg = Debug|Any CPU
		{8EC471CD-5D56-420E-A7CB-91A235CA9768}.Debug|Any CPU.Build.0 = Debug|Any CPU
		{8EC471CD-5D56-420E-A7CB-91A235CA9768}.Release|Any CPU.ActiveCfg = Release|Any CPU
		{8EC471CD-5D56-420E-A7CB-91A235CA9768}.Release|Any CPU.Build.0 = Release|Any CPU
		{DD5CFB52-DA7B-4441-A3A1-11A18CD4C8FE}.Debug|Any CPU.ActiveCfg = Debug|Any CPU
		{DD5CFB52-DA7B-4441-A3A1-11A18CD4C8FE}.Debug|Any CPU.Build.0 = Debug|Any CPU
		{DD5CFB52-DA7B-4441-A3A1-11A18CD4C8FE}.Release|Any CPU.ActiveCfg = Release|Any CPU
		{DD5CFB52-DA7B-4441-A3A1-11A18CD4C8FE}.Release|Any CPU.Build.0 = Release|Any CPU
		{303AA6DD-2EB8-493B-B6E5-372C43C630D0}.Debug|Any CPU.ActiveCfg = Debug|Any CPU
		{303AA6DD-2EB8-493B-B6E5-372C43C630D0}.Debug|Any CPU.Build.0 = Debug|Any CPU
		{303AA6DD-2EB8-493B-B6E5-372C43C630D0}.Release|Any CPU.ActiveCfg = Release|Any CPU
		{303AA6DD-2EB8-493B-B6E5-372C43C630D0}.Release|Any CPU.Build.0 = Release|Any CPU
	EndGlobalSection
	GlobalSection(SolutionProperties) = preSolution
		HideSolutionNode = FALSE
	EndGlobalSection
	GlobalSection(ExtensibilityGlobals) = postSolution
		SolutionGuid = {F6C70064-6AE2-47FA-984B-59C848282336}
	EndGlobalSection
EndGlobal
